
Microsoft Visual Studio Solution File, Format Version 12.00
# Visual Studio Version 16
VisualStudioVersion = 16.0.30114.105
MinimumVisualStudioVersion = 10.0.40219.1
Project("{2150E333-8FDC-42A3-9474-1A3956D46DE8}") = "Common", "Common", "{F41D4BB8-F7F5-4EAA-BFDB-537EC80DA585}"
EndProject
Project("{2150E333-8FDC-42A3-9474-1A3956D46DE8}") = "Services", "Services", "{17E75FB1-3A75-45DC-B02E-F814105BB851}"
EndProject
Project("{2150E333-8FDC-42A3-9474-1A3956D46DE8}") = "UI", "UI", "{BCC5C6F8-EB20-472B-BC1D-3DE9138FA2ED}"
EndProject
Project("{9A19103F-16F7-4668-BE54-9A1E7A4F7556}") = "WebStore.Domain", "Common\WebStore.Domain\WebStore.Domain.csproj", "{C57B440F-947E-4A39-A193-2230234DF036}"
EndProject
Project("{9A19103F-16F7-4668-BE54-9A1E7A4F7556}") = "WebStore.DAL", "Services\WebStore.DAL\WebStore.DAL.csproj", "{C116FADB-9C97-4F18-965C-708619764525}"
EndProject
Project("{9A19103F-16F7-4668-BE54-9A1E7A4F7556}") = "WebStore", "UI\WebStore\WebStore.csproj", "{B7C6D9EB-2475-4381-962B-B838414C3323}"
EndProject
Project("{9A19103F-16F7-4668-BE54-9A1E7A4F7556}") = "WebStore.Interfaces", "Services\WebStore.Interfaces\WebStore.Interfaces.csproj", "{C4D0E770-BB01-4CFE-8E87-BD472BAD9712}"
EndProject
Project("{9A19103F-16F7-4668-BE54-9A1E7A4F7556}") = "WebStore.Services", "Services\WebStore.Services\WebStore.Services.csproj", "{0DC7C61A-69C2-4A38-9BEF-F9A1361994C7}"
EndProject
Project("{9A19103F-16F7-4668-BE54-9A1E7A4F7556}") = "WebStore.ServiceHosting", "Services\WebStore.ServiceHosting\WebStore.ServiceHosting.csproj", "{B73AA722-D233-431C-AB95-4C91B4992CB7}"
EndProject
Project("{9A19103F-16F7-4668-BE54-9A1E7A4F7556}") = "WebStore.Clients", "Services\WebStore.Clients\WebStore.Clients.csproj", "{801CA083-70A1-4C9A-A8F4-923B25645C5D}"
EndProject
Project("{9A19103F-16F7-4668-BE54-9A1E7A4F7556}") = "WebStore.Logger", "Common\WebStore.Logger\WebStore.Logger.csproj", "{E2CEEF00-EB5C-4334-9258-AD33A81C77C5}"
EndProject
Project("{2150E333-8FDC-42A3-9474-1A3956D46DE8}") = "Tests", "Tests", "{E31CAA51-1D8F-4101-B0AD-954ABABE7028}"
EndProject
Project("{FAE04EC0-301F-11D3-BF4B-00C04F79EFBC}") = "WebStore.Tests", "Tests\WebStore.Tests\WebStore.Tests.csproj", "{D180967F-4E42-425D-9600-85EA9C62B280}"
EndProject
Global
	GlobalSection(SolutionConfigurationPlatforms) = preSolution
		Debug|Any CPU = Debug|Any CPU
		Release|Any CPU = Release|Any CPU
	EndGlobalSection
	GlobalSection(ProjectConfigurationPlatforms) = postSolution
		{C57B440F-947E-4A39-A193-2230234DF036}.Debug|Any CPU.ActiveCfg = Debug|Any CPU
		{C57B440F-947E-4A39-A193-2230234DF036}.Debug|Any CPU.Build.0 = Debug|Any CPU
		{C57B440F-947E-4A39-A193-2230234DF036}.Release|Any CPU.ActiveCfg = Release|Any CPU
		{C57B440F-947E-4A39-A193-2230234DF036}.Release|Any CPU.Build.0 = Release|Any CPU
		{C116FADB-9C97-4F18-965C-708619764525}.Debug|Any CPU.ActiveCfg = Debug|Any CPU
		{C116FADB-9C97-4F18-965C-708619764525}.Debug|Any CPU.Build.0 = Debug|Any CPU
		{C116FADB-9C97-4F18-965C-708619764525}.Release|Any CPU.ActiveCfg = Release|Any CPU
		{C116FADB-9C97-4F18-965C-708619764525}.Release|Any CPU.Build.0 = Release|Any CPU
		{B7C6D9EB-2475-4381-962B-B838414C3323}.Debug|Any CPU.ActiveCfg = Debug|Any CPU
		{B7C6D9EB-2475-4381-962B-B838414C3323}.Debug|Any CPU.Build.0 = Debug|Any CPU
		{B7C6D9EB-2475-4381-962B-B838414C3323}.Release|Any CPU.ActiveCfg = Release|Any CPU
		{B7C6D9EB-2475-4381-962B-B838414C3323}.Release|Any CPU.Build.0 = Release|Any CPU
		{C4D0E770-BB01-4CFE-8E87-BD472BAD9712}.Debug|Any CPU.ActiveCfg = Debug|Any CPU
		{C4D0E770-BB01-4CFE-8E87-BD472BAD9712}.Debug|Any CPU.Build.0 = Debug|Any CPU
		{C4D0E770-BB01-4CFE-8E87-BD472BAD9712}.Release|Any CPU.ActiveCfg = Release|Any CPU
		{C4D0E770-BB01-4CFE-8E87-BD472BAD9712}.Release|Any CPU.Build.0 = Release|Any CPU
		{0DC7C61A-69C2-4A38-9BEF-F9A1361994C7}.Debug|Any CPU.ActiveCfg = Debug|Any CPU
		{0DC7C61A-69C2-4A38-9BEF-F9A1361994C7}.Debug|Any CPU.Build.0 = Debug|Any CPU
		{0DC7C61A-69C2-4A38-9BEF-F9A1361994C7}.Release|Any CPU.ActiveCfg = Release|Any CPU
		{0DC7C61A-69C2-4A38-9BEF-F9A1361994C7}.Release|Any CPU.Build.0 = Release|Any CPU
		{B73AA722-D233-431C-AB95-4C91B4992CB7}.Debug|Any CPU.ActiveCfg = Debug|Any CPU
		{B73AA722-D233-431C-AB95-4C91B4992CB7}.Debug|Any CPU.Build.0 = Debug|Any CPU
		{B73AA722-D233-431C-AB95-4C91B4992CB7}.Release|Any CPU.ActiveCfg = Release|Any CPU
		{B73AA722-D233-431C-AB95-4C91B4992CB7}.Release|Any CPU.Build.0 = Release|Any CPU
		{801CA083-70A1-4C9A-A8F4-923B25645C5D}.Debug|Any CPU.ActiveCfg = Debug|Any CPU
		{801CA083-70A1-4C9A-A8F4-923B25645C5D}.Debug|Any CPU.Build.0 = Debug|Any CPU
		{801CA083-70A1-4C9A-A8F4-923B25645C5D}.Release|Any CPU.ActiveCfg = Release|Any CPU
		{801CA083-70A1-4C9A-A8F4-923B25645C5D}.Release|Any CPU.Build.0 = Release|Any CPU
		{E2CEEF00-EB5C-4334-9258-AD33A81C77C5}.Debug|Any CPU.ActiveCfg = Debug|Any CPU
		{E2CEEF00-EB5C-4334-9258-AD33A81C77C5}.Debug|Any CPU.Build.0 = Debug|Any CPU
		{E2CEEF00-EB5C-4334-9258-AD33A81C77C5}.Release|Any CPU.ActiveCfg = Release|Any CPU
		{E2CEEF00-EB5C-4334-9258-AD33A81C77C5}.Release|Any CPU.Build.0 = Release|Any CPU
		{D180967F-4E42-425D-9600-85EA9C62B280}.Debug|Any CPU.ActiveCfg = Debug|Any CPU
		{D180967F-4E42-425D-9600-85EA9C62B280}.Debug|Any CPU.Build.0 = Debug|Any CPU
		{D180967F-4E42-425D-9600-85EA9C62B280}.Release|Any CPU.ActiveCfg = Release|Any CPU
		{D180967F-4E42-425D-9600-85EA9C62B280}.Release|Any CPU.Build.0 = Release|Any CPU
	EndGlobalSection
	GlobalSection(SolutionProperties) = preSolution
		HideSolutionNode = FALSE
	EndGlobalSection
	GlobalSection(NestedProjects) = preSolution
		{C57B440F-947E-4A39-A193-2230234DF036} = {F41D4BB8-F7F5-4EAA-BFDB-537EC80DA585}
		{C116FADB-9C97-4F18-965C-708619764525} = {17E75FB1-3A75-45DC-B02E-F814105BB851}
		{B7C6D9EB-2475-4381-962B-B838414C3323} = {BCC5C6F8-EB20-472B-BC1D-3DE9138FA2ED}
		{C4D0E770-BB01-4CFE-8E87-BD472BAD9712} = {17E75FB1-3A75-45DC-B02E-F814105BB851}
		{0DC7C61A-69C2-4A38-9BEF-F9A1361994C7} = {17E75FB1-3A75-45DC-B02E-F814105BB851}
		{B73AA722-D233-431C-AB95-4C91B4992CB7} = {17E75FB1-3A75-45DC-B02E-F814105BB851}
		{801CA083-70A1-4C9A-A8F4-923B25645C5D} = {17E75FB1-3A75-45DC-B02E-F814105BB851}
		{E2CEEF00-EB5C-4334-9258-AD33A81C77C5} = {F41D4BB8-F7F5-4EAA-BFDB-537EC80DA585}
		{D180967F-4E42-425D-9600-85EA9C62B280} = {E31CAA51-1D8F-4101-B0AD-954ABABE7028}
	EndGlobalSection
	GlobalSection(ExtensibilityGlobals) = postSolution
		SolutionGuid = {ADDA8911-1072-4E8B-A1C3-B6BFA5835A13}
	EndGlobalSection
EndGlobal
